
Microsoft Visual Studio Solution File, Format Version 12.00
# Visual Studio 15
Project("{FAE04EC0-301F-11D3-BF4B-00C04F79EFBC}") = "Calculator", "Calculator\Calculator.csproj", "{31A92811-9927-4E78-816E-BD5B8C2197D3}"
EndProject
Global
	GlobalSection(SolutionConfigurationPlatforms) = preSolution
		Debug|anycpu = Debug|anycpu
		Release|anycpu = Release|anycpu
	EndGlobalSection
	GlobalSection(ProjectConfigurationPlatforms) = postSolution
		{31A92811-9927-4E78-816E-BD5B8C2197D3}.Debug|anycpu.ActiveCfg = Debug|anycpu
		{31A92811-9927-4E78-816E-BD5B8C2197D3}.Debug|anycpu.Build.0 = Debug|anycpu
		{31A92811-9927-4E78-816E-BD5B8C2197D3}.Release|anycpu.ActiveCfg = Release|anycpu
		{31A92811-9927-4E78-816E-BD5B8C2197D3}.Release|anycpu.Build.0 = Release|anycpu
	EndGlobalSection
EndGlobal
